// !$*UTF8*$!
{
	archiveVersion = 1;
	classes = {
	};
	objectVersion = 77;
	objects = {

/* Begin PBXBuildFile section */
		390728442F2BCB94007A0E0B /* RecaptchaEnterprise in Frameworks */ = {isa = PBXBuildFile; productRef = 390728432F2BCB94007A0E0B /* RecaptchaEnterprise */; };
		390728472F2BCB9D007A0E0B /* StytchDFP in Frameworks */ = {isa = PBXBuildFile; productRef = 390728462F2BCB9D007A0E0B /* StytchDFP */; };
		AA0002002F2BCB65007A0E0B /* StytchSwiftUtils.framework in Frameworks */ = {isa = PBXBuildFile; fileRef = 390728382F2BCB65007A0E0B /* StytchSwiftUtils.framework */; };
/* End PBXBuildFile section */

/* Begin PBXContainerItemProxy section */
		394F95902F6DAE99005FDD69 /* PBXContainerItemProxy */ = {
			isa = PBXContainerItemProxy;
			containerPortal = 3907282F2F2BCB65007A0E0B /* Project object */;
			proxyType = 1;
			remoteGlobalIDString = 394F95842F6DAD90005FDD69;
			remoteInfo = StytchSwiftUtilsTestHost;
		};
		AA0008002F2BCB65007A0E0B /* PBXContainerItemProxy */ = {
			isa = PBXContainerItemProxy;
			containerPortal = 3907282F2F2BCB65007A0E0B /* Project object */;
			proxyType = 1;
			remoteGlobalIDString = 390728372F2BCB65007A0E0B;
			remoteInfo = StytchSwiftUtils;
		};
/* End PBXContainerItemProxy section */

/* Begin PBXFileReference section */
		390728382F2BCB65007A0E0B /* StytchSwiftUtils.framework */ = {isa = PBXFileReference; explicitFileType = wrapper.framework; includeInIndex = 0; path = StytchSwiftUtils.framework; sourceTree = BUILT_PRODUCTS_DIR; };
		394F95852F6DAD90005FDD69 /* StytchSwiftUtilsTestHost.app */ = {isa = PBXFileReference; explicitFileType = wrapper.application; includeInIndex = 0; path = StytchSwiftUtilsTestHost.app; sourceTree = BUILT_PRODUCTS_DIR; };
		AA0001002F2BCB65007A0E0B /* StytchSwiftUtilsTests.xctest */ = {isa = PBXFileReference; explicitFileType = wrapper.cfbundle; includeInIndex = 0; path = StytchSwiftUtilsTests.xctest; sourceTree = BUILT_PRODUCTS_DIR; };
/* End PBXFileReference section */

/* Begin PBXFileSystemSynchronizedRootGroup section */
		3907283A2F2BCB65007A0E0B /* StytchSwiftUtils */ = {
			isa = PBXFileSystemSynchronizedRootGroup;
			path = StytchSwiftUtils;
			sourceTree = "<group>";
		};
		394F95862F6DAD90005FDD69 /* StytchSwiftUtilsTestHost */ = {
			isa = PBXFileSystemSynchronizedRootGroup;
			path = StytchSwiftUtilsTestHost;
			sourceTree = "<group>";
		};
		AA0003002F2BCB65007A0E0B /* StytchSwiftUtilsTests */ = {
			isa = PBXFileSystemSynchronizedRootGroup;
			path = StytchSwiftUtilsTests;
			sourceTree = "<group>";
		};
/* End PBXFileSystemSynchronizedRootGroup section */

/* Begin PBXFrameworksBuildPhase section */
		390728352F2BCB65007A0E0B /* Frameworks */ = {
			isa = PBXFrameworksBuildPhase;
			buildActionMask = 2147483647;
			files = (
				390728472F2BCB9D007A0E0B /* StytchDFP in Frameworks */,
				390728442F2BCB94007A0E0B /* RecaptchaEnterprise in Frameworks */,
			);
			runOnlyForDeploymentPostprocessing = 0;
		};
		394F95822F6DAD90005FDD69 /* Frameworks */ = {
			isa = PBXFrameworksBuildPhase;
			buildActionMask = 2147483647;
			files = (
			);
			runOnlyForDeploymentPostprocessing = 0;
		};
		AA0004002F2BCB65007A0E0B /* Frameworks */ = {
			isa = PBXFrameworksBuildPhase;
			buildActionMask = 2147483647;
			files = (
				AA0002002F2BCB65007A0E0B /* StytchSwiftUtils.framework in Frameworks */,
			);
			runOnlyForDeploymentPostprocessing = 0;
		};
/* End PBXFrameworksBuildPhase section */

/* Begin PBXGroup section */
		3907282E2F2BCB65007A0E0B = {
			isa = PBXGroup;
			children = (
				3907283A2F2BCB65007A0E0B /* StytchSwiftUtils */,
				AA0003002F2BCB65007A0E0B /* StytchSwiftUtilsTests */,
				394F95862F6DAD90005FDD69 /* StytchSwiftUtilsTestHost */,
				390728392F2BCB65007A0E0B /* Products */,
			);
			sourceTree = "<group>";
		};
		390728392F2BCB65007A0E0B /* Products */ = {
			isa = PBXGroup;
			children = (
				390728382F2BCB65007A0E0B /* StytchSwiftUtils.framework */,
				AA0001002F2BCB65007A0E0B /* StytchSwiftUtilsTests.xctest */,
				394F95852F6DAD90005FDD69 /* StytchSwiftUtilsTestHost.app */,
			);
			name = Products;
			sourceTree = "<group>";
		};
/* End PBXGroup section */

/* Begin PBXHeadersBuildPhase section */
		390728332F2BCB65007A0E0B /* Headers */ = {
			isa = PBXHeadersBuildPhase;
			buildActionMask = 2147483647;
			files = (
			);
			runOnlyForDeploymentPostprocessing = 0;
		};
/* End PBXHeadersBuildPhase section */

/* Begin PBXNativeTarget section */
		390728372F2BCB65007A0E0B /* StytchSwiftUtils */ = {
			isa = PBXNativeTarget;
			buildConfigurationList = 3907283F2F2BCB65007A0E0B /* Build configuration list for PBXNativeTarget "StytchSwiftUtils" */;
			buildPhases = (
				390728332F2BCB65007A0E0B /* Headers */,
				390728342F2BCB65007A0E0B /* Sources */,
				390728352F2BCB65007A0E0B /* Frameworks */,
				390728362F2BCB65007A0E0B /* Resources */,
			);
			buildRules = (
			);
			dependencies = (
			);
			fileSystemSynchronizedGroups = (
				3907283A2F2BCB65007A0E0B /* StytchSwiftUtils */,
			);
			name = StytchSwiftUtils;
			packageProductDependencies = (
				390728432F2BCB94007A0E0B /* RecaptchaEnterprise */,
				390728462F2BCB9D007A0E0B /* StytchDFP */,
			);
			productName = StytchSwiftUtils;
			productReference = 390728382F2BCB65007A0E0B /* StytchSwiftUtils.framework */;
			productType = "com.apple.product-type.framework";
		};
		394F95842F6DAD90005FDD69 /* StytchSwiftUtilsTestHost */ = {
			isa = PBXNativeTarget;
			buildConfigurationList = 394F958F2F6DAD91005FDD69 /* Build configuration list for PBXNativeTarget "StytchSwiftUtilsTestHost" */;
			buildPhases = (
				394F95812F6DAD90005FDD69 /* Sources */,
				394F95822F6DAD90005FDD69 /* Frameworks */,
				394F95832F6DAD90005FDD69 /* Resources */,
			);
			buildRules = (
			);
			dependencies = (
			);
			fileSystemSynchronizedGroups = (
				394F95862F6DAD90005FDD69 /* StytchSwiftUtilsTestHost */,
			);
			name = StytchSwiftUtilsTestHost;
			packageProductDependencies = (
			);
			productName = StytchSwiftUtilsTestHost;
			productReference = 394F95852F6DAD90005FDD69 /* StytchSwiftUtilsTestHost.app */;
			productType = "com.apple.product-type.application";
		};
		AA0007002F2BCB65007A0E0B /* StytchSwiftUtilsTests */ = {
			isa = PBXNativeTarget;
			buildConfigurationList = AA000C002F2BCB65007A0E0B /* Build configuration list for PBXNativeTarget "StytchSwiftUtilsTests" */;
			buildPhases = (
				AA0005002F2BCB65007A0E0B /* Sources */,
				AA0004002F2BCB65007A0E0B /* Frameworks */,
				AA0006002F2BCB65007A0E0B /* Resources */,
			);
			buildRules = (
			);
			dependencies = (
				AA0009002F2BCB65007A0E0B /* PBXTargetDependency */,
				394F95912F6DAE99005FDD69 /* PBXTargetDependency */,
			);
			fileSystemSynchronizedGroups = (
				AA0003002F2BCB65007A0E0B /* StytchSwiftUtilsTests */,
			);
			name = StytchSwiftUtilsTests;
			productName = StytchSwiftUtilsTests;
			productReference = AA0001002F2BCB65007A0E0B /* StytchSwiftUtilsTests.xctest */;
			productType = "com.apple.product-type.bundle.unit-test";
		};
/* End PBXNativeTarget section */

/* Begin PBXProject section */
		3907282F2F2BCB65007A0E0B /* Project object */ = {
			isa = PBXProject;
			attributes = {
				BuildIndependentTargetsInParallel = 1;
				LastSwiftUpdateCheck = 2610;
				LastUpgradeCheck = 2610;
				TargetAttributes = {
					390728372F2BCB65007A0E0B = {
						CreatedOnToolsVersion = 26.1.1;
					};
					394F95842F6DAD90005FDD69 = {
						CreatedOnToolsVersion = 26.1.1;
					};
					AA0007002F2BCB65007A0E0B = {
						CreatedOnToolsVersion = 26.1.1;
						TestTargetID = 394F95842F6DAD90005FDD69;
					};
				};
			};
			buildConfigurationList = 390728322F2BCB65007A0E0B /* Build configuration list for PBXProject "StytchSwiftUtils" */;
			developmentRegion = en;
			hasScannedForEncodings = 0;
			knownRegions = (
				en,
				Base,
			);
			mainGroup = 3907282E2F2BCB65007A0E0B;
			minimizedProjectReferenceProxies = 1;
			packageReferences = (
				390728422F2BCB94007A0E0B /* XCRemoteSwiftPackageReference "recaptcha-enterprise-mobile-sdk" */,
				390728452F2BCB9D007A0E0B /* XCRemoteSwiftPackageReference "stytch-ios-dfp" */,
			);
			preferredProjectObjectVersion = 77;
			productRefGroup = 390728392F2BCB65007A0E0B /* Products */;
			projectDirPath = "";
			projectRoot = "";
			targets = (
				390728372F2BCB65007A0E0B /* StytchSwiftUtils */,
				AA0007002F2BCB65007A0E0B /* StytchSwiftUtilsTests */,
				394F95842F6DAD90005FDD69 /* StytchSwiftUtilsTestHost */,
			);
		};
/* End PBXProject section */

/* Begin PBXResourcesBuildPhase section */
		390728362F2BCB65007A0E0B /* Resources */ = {
			isa = PBXResourcesBuildPhase;
			buildActionMask = 2147483647;
			files = (
			);
			runOnlyForDeploymentPostprocessing = 0;
		};
		394F95832F6DAD90005FDD69 /* Resources */ = {
			isa = PBXResourcesBuildPhase;
			buildActionMask = 2147483647;
			files = (
			);
			runOnlyForDeploymentPostprocessing = 0;
		};
		AA0006002F2BCB65007A0E0B /* Resources */ = {
			isa = PBXResourcesBuildPhase;
			buildActionMask = 2147483647;
			files = (
			);
			runOnlyForDeploymentPostprocessing = 0;
		};
/* End PBXResourcesBuildPhase section */

/* Begin PBXSourcesBuildPhase section */
		390728342F2BCB65007A0E0B /* Sources */ = {
			isa = PBXSourcesBuildPhase;
			buildActionMask = 2147483647;
			files = (
			);
			runOnlyForDeploymentPostprocessing = 0;
		};
		394F95812F6DAD90005FDD69 /* Sources */ = {
			isa = PBXSourcesBuildPhase;
			buildActionMask = 2147483647;
			files = (
			);
			runOnlyForDeploymentPostprocessing = 0;
		};
		AA0005002F2BCB65007A0E0B /* Sources */ = {
			isa = PBXSourcesBuildPhase;
			buildActionMask = 2147483647;
			files = (
			);
			runOnlyForDeploymentPostprocessing = 0;
		};
/* End PBXSourcesBuildPhase section */

/* Begin PBXTargetDependency section */
		394F95912F6DAE99005FDD69 /* PBXTargetDependency */ = {
			isa = PBXTargetDependency;
			target = 394F95842F6DAD90005FDD69 /* StytchSwiftUtilsTestHost */;
			targetProxy = 394F95902F6DAE99005FDD69 /* PBXContainerItemProxy */;
		};
		AA0009002F2BCB65007A0E0B /* PBXTargetDependency */ = {
			isa = PBXTargetDependency;
			target = 390728372F2BCB65007A0E0B /* StytchSwiftUtils */;
			targetProxy = AA0008002F2BCB65007A0E0B /* PBXContainerItemProxy */;
		};
/* End PBXTargetDependency section */

/* Begin XCBuildConfiguration section */
		3907283D2F2BCB65007A0E0B /* Debug */ = {
			isa = XCBuildConfiguration;
			buildSettings = {
				ALWAYS_SEARCH_USER_PATHS = NO;
				ASSETCATALOG_COMPILER_GENERATE_SWIFT_ASSET_SYMBOL_EXTENSIONS = YES;
				CLANG_ANALYZER_NONNULL = YES;
				CLANG_ANALYZER_NUMBER_OBJECT_CONVERSION = YES_AGGRESSIVE;
				CLANG_CXX_LANGUAGE_STANDARD = "gnu++20";
				CLANG_ENABLE_MODULES = YES;
				CLANG_ENABLE_OBJC_ARC = YES;
				CLANG_ENABLE_OBJC_WEAK = YES;
				CLANG_WARN_BLOCK_CAPTURE_AUTORELEASING = YES;
				CLANG_WARN_BOOL_CONVERSION = YES;
				CLANG_WARN_COMMA = YES;
				CLANG_WARN_CONSTANT_CONVERSION = YES;
				CLANG_WARN_DEPRECATED_OBJC_IMPLEMENTATIONS = YES;
				CLANG_WARN_DIRECT_OBJC_ISA_USAGE = YES_ERROR;
				CLANG_WARN_DOCUMENTATION_COMMENTS = YES;
				CLANG_WARN_EMPTY_BODY = YES;
				CLANG_WARN_ENUM_CONVERSION = YES;
				CLANG_WARN_INFINITE_RECURSION = YES;
				CLANG_WARN_INT_CONVERSION = YES;
				CLANG_WARN_NON_LITERAL_NULL_CONVERSION = YES;
				CLANG_WARN_OBJC_IMPLICIT_RETAIN_SELF = YES;
				CLANG_WARN_OBJC_LITERAL_CONVERSION = YES;
				CLANG_WARN_OBJC_ROOT_CLASS = YES_ERROR;
				CLANG_WARN_QUOTED_INCLUDE_IN_FRAMEWORK_HEADER = YES;
				CLANG_WARN_RANGE_LOOP_ANALYSIS = YES;
				CLANG_WARN_STRICT_PROTOTYPES = YES;
				CLANG_WARN_SUSPICIOUS_MOVE = YES;
				CLANG_WARN_UNGUARDED_AVAILABILITY = YES_AGGRESSIVE;
				CLANG_WARN_UNREACHABLE_CODE = YES;
				CLANG_WARN__DUPLICATE_METHOD_MATCH = YES;
				CODE_SIGN_ENTITLEMENTS = "";
				COPY_PHASE_STRIP = NO;
				CURRENT_PROJECT_VERSION = 1;
				DEBUG_INFORMATION_FORMAT = dwarf;
				DEVELOPMENT_TEAM = 22B584A5Q6;
				ENABLE_STRICT_OBJC_MSGSEND = YES;
				ENABLE_TESTABILITY = YES;
				ENABLE_USER_SCRIPT_SANDBOXING = YES;
				GCC_C_LANGUAGE_STANDARD = gnu17;
				GCC_DYNAMIC_NO_PIC = NO;
				GCC_NO_COMMON_BLOCKS = YES;
				GCC_OPTIMIZATION_LEVEL = 0;
				GCC_PREPROCESSOR_DEFINITIONS = (
					"DEBUG=1",
					"$(inherited)",
				);
				GCC_WARN_64_TO_32_BIT_CONVERSION = YES;
				GCC_WARN_ABOUT_RETURN_TYPE = YES_ERROR;
				GCC_WARN_UNDECLARED_SELECTOR = YES;
				GCC_WARN_UNINITIALIZED_AUTOS = YES_AGGRESSIVE;
				GCC_WARN_UNUSED_FUNCTION = YES;
				GCC_WARN_UNUSED_VARIABLE = YES;
				IPHONEOS_DEPLOYMENT_TARGET = 26.1;
				LOCALIZATION_PREFERS_STRING_CATALOGS = YES;
				MTL_ENABLE_DEBUG_INFO = INCLUDE_SOURCE;
				MTL_FAST_MATH = YES;
				ONLY_ACTIVE_ARCH = YES;
				SDKROOT = iphoneos;
				SWIFT_ACTIVE_COMPILATION_CONDITIONS = "DEBUG $(inherited)";
				SWIFT_OPTIMIZATION_LEVEL = "-Onone";
				TEST_HOST = "";
				VERSIONING_SYSTEM = "apple-generic";
				VERSION_INFO_PREFIX = "";
			};
			name = Debug;
		};
		3907283E2F2BCB65007A0E0B /* Release */ = {
			isa = XCBuildConfiguration;
			buildSettings = {
				ALWAYS_SEARCH_USER_PATHS = NO;
				ASSETCATALOG_COMPILER_GENERATE_SWIFT_ASSET_SYMBOL_EXTENSIONS = YES;
				CLANG_ANALYZER_NONNULL = YES;
				CLANG_ANALYZER_NUMBER_OBJECT_CONVERSION = YES_AGGRESSIVE;
				CLANG_CXX_LANGUAGE_STANDARD = "gnu++20";
				CLANG_ENABLE_MODULES = YES;
				CLANG_ENABLE_OBJC_ARC = YES;
				CLANG_ENABLE_OBJC_WEAK = YES;
				CLANG_WARN_BLOCK_CAPTURE_AUTORELEASING = YES;
				CLANG_WARN_BOOL_CONVERSION = YES;
				CLANG_WARN_COMMA = YES;
				CLANG_WARN_CONSTANT_CONVERSION = YES;
				CLANG_WARN_DEPRECATED_OBJC_IMPLEMENTATIONS = YES;
				CLANG_WARN_DIRECT_OBJC_ISA_USAGE = YES_ERROR;
				CLANG_WARN_DOCUMENTATION_COMMENTS = YES;
				CLANG_WARN_EMPTY_BODY = YES;
				CLANG_WARN_ENUM_CONVERSION = YES;
				CLANG_WARN_INFINITE_RECURSION = YES;
				CLANG_WARN_INT_CONVERSION = YES;
				CLANG_WARN_NON_LITERAL_NULL_CONVERSION = YES;
				CLANG_WARN_OBJC_IMPLICIT_RETAIN_SELF = YES;
				CLANG_WARN_OBJC_LITERAL_CONVERSION = YES;
				CLANG_WARN_OBJC_ROOT_CLASS = YES_ERROR;
				CLANG_WARN_QUOTED_INCLUDE_IN_FRAMEWORK_HEADER = YES;
				CLANG_WARN_RANGE_LOOP_ANALYSIS = YES;
				CLANG_WARN_STRICT_PROTOTYPES = YES;
				CLANG_WARN_SUSPICIOUS_MOVE = YES;
				CLANG_WARN_UNGUARDED_AVAILABILITY = YES_AGGRESSIVE;
				CLANG_WARN_UNREACHABLE_CODE = YES;
				CLANG_WARN__DUPLICATE_METHOD_MATCH = YES;
				CODE_SIGN_ENTITLEMENTS = "";
				COPY_PHASE_STRIP = NO;
				CURRENT_PROJECT_VERSION = 1;
				DEBUG_INFORMATION_FORMAT = "dwarf-with-dsym";
				DEVELOPMENT_TEAM = 22B584A5Q6;
				ENABLE_NS_ASSERTIONS = NO;
				ENABLE_STRICT_OBJC_MSGSEND = YES;
				ENABLE_USER_SCRIPT_SANDBOXING = YES;
				GCC_C_LANGUAGE_STANDARD = gnu17;
				GCC_NO_COMMON_BLOCKS = YES;
				GCC_WARN_64_TO_32_BIT_CONVERSION = YES;
				GCC_WARN_ABOUT_RETURN_TYPE = YES_ERROR;
				GCC_WARN_UNDECLARED_SELECTOR = YES;
				GCC_WARN_UNINITIALIZED_AUTOS = YES_AGGRESSIVE;
				GCC_WARN_UNUSED_FUNCTION = YES;
				GCC_WARN_UNUSED_VARIABLE = YES;
				IPHONEOS_DEPLOYMENT_TARGET = 26.1;
				LOCALIZATION_PREFERS_STRING_CATALOGS = YES;
				MTL_ENABLE_DEBUG_INFO = NO;
				MTL_FAST_MATH = YES;
				SDKROOT = iphoneos;
				SWIFT_COMPILATION_MODE = wholemodule;
				TEST_HOST = "";
				VALIDATE_PRODUCT = YES;
				VERSIONING_SYSTEM = "apple-generic";
				VERSION_INFO_PREFIX = "";
			};
			name = Release;
		};
		390728402F2BCB65007A0E0B /* Debug */ = {
			isa = XCBuildConfiguration;
			buildSettings = {
				BUILD_LIBRARY_FOR_DISTRIBUTION = YES;
				CODE_SIGN_STYLE = Automatic;
				CURRENT_PROJECT_VERSION = 1;
				DEFINES_MODULE = YES;
				DEVELOPMENT_TEAM = 22B584A5Q6;
				DYLIB_COMPATIBILITY_VERSION = 1;
				DYLIB_CURRENT_VERSION = 1;
				DYLIB_INSTALL_NAME_BASE = "@rpath";
				ENABLE_MODULE_VERIFIER = YES;
				GENERATE_INFOPLIST_FILE = YES;
				INFOPLIST_KEY_NSHumanReadableCopyright = "";
				INSTALL_PATH = "$(LOCAL_LIBRARY_DIR)/Frameworks";
				IPHONEOS_DEPLOYMENT_TARGET = 15.0;
				LD_RUNPATH_SEARCH_PATHS = (
					"$(inherited)",
					"@executable_path/Frameworks",
					"@loader_path/Frameworks",
				);
				MARKETING_VERSION = 1.0;
				MODULE_VERIFIER_SUPPORTED_LANGUAGES = "objective-c objective-c++";
				MODULE_VERIFIER_SUPPORTED_LANGUAGE_STANDARDS = "gnu17 gnu++20";
				ONLY_ACTIVE_ARCH = NO;
				PRODUCT_BUNDLE_IDENTIFIER = com.stytch.mobile.StytchSwiftUtils;
				PRODUCT_NAME = "$(TARGET_NAME:c99extidentifier)";
				SKIP_INSTALL = YES;
				STRING_CATALOG_GENERATE_SYMBOLS = YES;
				SUPPORTED_PLATFORMS = "iphoneos iphonesimulator";
				SUPPORTS_MACCATALYST = NO;
				SUPPORTS_MAC_DESIGNED_FOR_IPHONE_IPAD = NO;
				SUPPORTS_XR_DESIGNED_FOR_IPHONE_IPAD = NO;
				SWIFT_APPROACHABLE_CONCURRENCY = YES;
				SWIFT_EMIT_LOC_STRINGS = YES;
				SWIFT_INSTALL_MODULE = YES;
				SWIFT_INSTALL_OBJC_HEADER = NO;
				SWIFT_UPCOMING_FEATURE_MEMBER_IMPORT_VISIBILITY = YES;
				SWIFT_VERSION = 5.0;
				TARGETED_DEVICE_FAMILY = "1,2";
			};
			name = Debug;
		};
		390728412F2BCB65007A0E0B /* Release */ = {
			isa = XCBuildConfiguration;
			buildSettings = {
				BUILD_LIBRARY_FOR_DISTRIBUTION = YES;
				CODE_SIGN_STYLE = Automatic;
				CURRENT_PROJECT_VERSION = 1;
				DEFINES_MODULE = YES;
				DEVELOPMENT_TEAM = 22B584A5Q6;
				DYLIB_COMPATIBILITY_VERSION = 1;
				DYLIB_CURRENT_VERSION = 1;
				DYLIB_INSTALL_NAME_BASE = "@rpath";
				ENABLE_MODULE_VERIFIER = YES;
				GENERATE_INFOPLIST_FILE = YES;
				INFOPLIST_KEY_NSHumanReadableCopyright = "";
				INSTALL_PATH = "$(LOCAL_LIBRARY_DIR)/Frameworks";
				IPHONEOS_DEPLOYMENT_TARGET = 15.0;
				LD_RUNPATH_SEARCH_PATHS = (
					"$(inherited)",
					"@executable_path/Frameworks",
					"@loader_path/Frameworks",
				);
				MARKETING_VERSION = 1.0;
				MODULE_VERIFIER_SUPPORTED_LANGUAGES = "objective-c objective-c++";
				MODULE_VERIFIER_SUPPORTED_LANGUAGE_STANDARDS = "gnu17 gnu++20";
				PRODUCT_BUNDLE_IDENTIFIER = com.stytch.mobile.StytchSwiftUtils;
				PRODUCT_NAME = "$(TARGET_NAME:c99extidentifier)";
				SKIP_INSTALL = YES;
				STRING_CATALOG_GENERATE_SYMBOLS = YES;
				SUPPORTED_PLATFORMS = "iphoneos iphonesimulator";
				SUPPORTS_MACCATALYST = NO;
				SUPPORTS_MAC_DESIGNED_FOR_IPHONE_IPAD = NO;
				SUPPORTS_XR_DESIGNED_FOR_IPHONE_IPAD = NO;
				SWIFT_APPROACHABLE_CONCURRENCY = YES;
				SWIFT_EMIT_LOC_STRINGS = YES;
				SWIFT_INSTALL_MODULE = YES;
				SWIFT_INSTALL_OBJC_HEADER = NO;
				SWIFT_UPCOMING_FEATURE_MEMBER_IMPORT_VISIBILITY = YES;
				SWIFT_VERSION = 5.0;
				TARGETED_DEVICE_FAMILY = "1,2";
			};
			name = Release;
		};
		394F958D2F6DAD91005FDD69 /* Debug */ = {
			isa = XCBuildConfiguration;
			buildSettings = {
				ASSETCATALOG_COMPILER_APPICON_NAME = AppIcon;
				ASSETCATALOG_COMPILER_GLOBAL_ACCENT_COLOR_NAME = AccentColor;
				CODE_SIGN_ENTITLEMENTS = StytchSwiftUtilsTestHost.entitlements;
				CODE_SIGN_STYLE = Automatic;
				CURRENT_PROJECT_VERSION = 1;
				DEVELOPMENT_TEAM = 22B584A5Q6;
				ENABLE_PREVIEWS = YES;
				GENERATE_INFOPLIST_FILE = YES;
				INFOPLIST_KEY_UIApplicationSceneManifest_Generation = YES;
				INFOPLIST_KEY_UIApplicationSupportsIndirectInputEvents = YES;
				INFOPLIST_KEY_UILaunchScreen_Generation = YES;
				INFOPLIST_KEY_UISupportedInterfaceOrientations_iPad = "UIInterfaceOrientationPortrait UIInterfaceOrientationPortraitUpsideDown UIInterfaceOrientationLandscapeLeft UIInterfaceOrientationLandscapeRight";
				INFOPLIST_KEY_UISupportedInterfaceOrientations_iPhone = "UIInterfaceOrientationPortrait UIInterfaceOrientationLandscapeLeft UIInterfaceOrientationLandscapeRight";
				IPHONEOS_DEPLOYMENT_TARGET = 15.0;
				LD_RUNPATH_SEARCH_PATHS = (
					"$(inherited)",
					"@executable_path/Frameworks",
				);
				MARKETING_VERSION = 1.0;
				PRODUCT_BUNDLE_IDENTIFIER = com.stytch.mobile.StytchSwiftUtilsTestHost;
				PRODUCT_NAME = "$(TARGET_NAME)";
				STRING_CATALOG_GENERATE_SYMBOLS = YES;
				SWIFT_APPROACHABLE_CONCURRENCY = YES;
				SWIFT_DEFAULT_ACTOR_ISOLATION = MainActor;
				SWIFT_EMIT_LOC_STRINGS = YES;
				SWIFT_UPCOMING_FEATURE_MEMBER_IMPORT_VISIBILITY = YES;
				SWIFT_VERSION = 5.0;
				TARGETED_DEVICE_FAMILY = "1,2";
			};
			name = Debug;
		};
		394F958E2F6DAD91005FDD69 /* Release */ = {
			isa = XCBuildConfiguration;
			buildSettings = {
				ASSETCATALOG_COMPILER_APPICON_NAME = AppIcon;
				ASSETCATALOG_COMPILER_GLOBAL_ACCENT_COLOR_NAME = AccentColor;
				CODE_SIGN_ENTITLEMENTS = StytchSwiftUtilsTestHost.entitlements;
				CODE_SIGN_STYLE = Automatic;
				CURRENT_PROJECT_VERSION = 1;
				DEVELOPMENT_TEAM = 22B584A5Q6;
				ENABLE_PREVIEWS = YES;
				GENERATE_INFOPLIST_FILE = YES;
				INFOPLIST_KEY_UIApplicationSceneManifest_Generation = YES;
				INFOPLIST_KEY_UIApplicationSupportsIndirectInputEvents = YES;
				INFOPLIST_KEY_UILaunchScreen_Generation = YES;
				INFOPLIST_KEY_UISupportedInterfaceOrientations_iPad = "UIInterfaceOrientationPortrait UIInterfaceOrientationPortraitUpsideDown UIInterfaceOrientationLandscapeLeft UIInterfaceOrientationLandscapeRight";
				INFOPLIST_KEY_UISupportedInterfaceOrientations_iPhone = "UIInterfaceOrientationPortrait UIInterfaceOrientationLandscapeLeft UIInterfaceOrientationLandscapeRight";
				IPHONEOS_DEPLOYMENT_TARGET = 15.0;
				LD_RUNPATH_SEARCH_PATHS = (
					"$(inherited)",
					"@executable_path/Frameworks",
				);
				MARKETING_VERSION = 1.0;
				PRODUCT_BUNDLE_IDENTIFIER = com.stytch.mobile.StytchSwiftUtilsTestHost;
				PRODUCT_NAME = "$(TARGET_NAME)";
				STRING_CATALOG_GENERATE_SYMBOLS = YES;
				SWIFT_APPROACHABLE_CONCURRENCY = YES;
				SWIFT_DEFAULT_ACTOR_ISOLATION = MainActor;
				SWIFT_EMIT_LOC_STRINGS = YES;
				SWIFT_UPCOMING_FEATURE_MEMBER_IMPORT_VISIBILITY = YES;
				SWIFT_VERSION = 5.0;
				TARGETED_DEVICE_FAMILY = "1,2";
			};
			name = Release;
		};
		AA000A002F2BCB65007A0E0B /* Debug */ = {
			isa = XCBuildConfiguration;
			buildSettings = {
				BUNDLE_LOADER = "$(TEST_HOST)";
				CODE_SIGN_STYLE = Automatic;
				DEVELOPMENT_TEAM = 22B584A5Q6;
				GENERATE_INFOPLIST_FILE = YES;
				IPHONEOS_DEPLOYMENT_TARGET = 15.0;
				LD_RUNPATH_SEARCH_PATHS = (
					"$(inherited)",
					"@executable_path/Frameworks",
					"@loader_path/Frameworks",
				);
				PRODUCT_BUNDLE_IDENTIFIER = com.stytch.mobile.StytchSwiftUtilsTests;
				PRODUCT_NAME = "$(TARGET_NAME)";
				SUPPORTED_PLATFORMS = "iphoneos iphonesimulator";
				SUPPORTS_MACCATALYST = NO;
				SUPPORTS_MAC_DESIGNED_FOR_IPHONE_IPAD = NO;
				SUPPORTS_XR_DESIGNED_FOR_IPHONE_IPAD = NO;
				SWIFT_VERSION = 5.0;
				TARGETED_DEVICE_FAMILY = "1,2";
				TEST_HOST = "$(BUILT_PRODUCTS_DIR)/StytchSwiftUtilsTestHost.app/$(BUNDLE_EXECUTABLE_FOLDER_PATH)/StytchSwiftUtilsTestHost";
			};
			name = Debug;
		};
		AA000B002F2BCB65007A0E0B /* Release */ = {
			isa = XCBuildConfiguration;
			buildSettings = {
				BUNDLE_LOADER = "$(TEST_HOST)";
				CODE_SIGN_STYLE = Automatic;
				DEVELOPMENT_TEAM = 22B584A5Q6;
				GENERATE_INFOPLIST_FILE = YES;
				IPHONEOS_DEPLOYMENT_TARGET = 15.0;
				LD_RUNPATH_SEARCH_PATHS = (
					"$(inherited)",
					"@executable_path/Frameworks",
					"@loader_path/Frameworks",
				);
				PRODUCT_BUNDLE_IDENTIFIER = com.stytch.mobile.StytchSwiftUtilsTests;
				PRODUCT_NAME = "$(TARGET_NAME)";
				SUPPORTED_PLATFORMS = "iphoneos iphonesimulator";
				SUPPORTS_MACCATALYST = NO;
				SUPPORTS_MAC_DESIGNED_FOR_IPHONE_IPAD = NO;
				SUPPORTS_XR_DESIGNED_FOR_IPHONE_IPAD = NO;
				SWIFT_VERSION = 5.0;
				TARGETED_DEVICE_FAMILY = "1,2";
				TEST_HOST = "$(BUILT_PRODUCTS_DIR)/StytchSwiftUtilsTestHost.app/$(BUNDLE_EXECUTABLE_FOLDER_PATH)/StytchSwiftUtilsTestHost";
			};
			name = Release;
		};
/* End XCBuildConfiguration section */

/* Begin XCConfigurationList section */
		390728322F2BCB65007A0E0B /* Build configuration list for PBXProject "StytchSwiftUtils" */ = {
			isa = XCConfigurationList;
			buildConfigurations = (
				3907283D2F2BCB65007A0E0B /* Debug */,
				3907283E2F2BCB65007A0E0B /* Release */,
			);
			defaultConfigurationIsVisible = 0;
			defaultConfigurationName = Release;
		};
		3907283F2F2BCB65007A0E0B /* Build configuration list for PBXNativeTarget "StytchSwiftUtils" */ = {
			isa = XCConfigurationList;
			buildConfigurations = (
				390728402F2BCB65007A0E0B /* Debug */,
				390728412F2BCB65007A0E0B /* Release */,
			);
			defaultConfigurationIsVisible = 0;
			defaultConfigurationName = Release;
		};
		394F958F2F6DAD91005FDD69 /* Build configuration list for PBXNativeTarget "StytchSwiftUtilsTestHost" */ = {
			isa = XCConfigurationList;
			buildConfigurations = (
				394F958D2F6DAD91005FDD69 /* Debug */,
				394F958E2F6DAD91005FDD69 /* Release */,
			);
			defaultConfigurationIsVisible = 0;
			defaultConfigurationName = Release;
		};
		AA000C002F2BCB65007A0E0B /* Build configuration list for PBXNativeTarget "StytchSwiftUtilsTests" */ = {
			isa = XCConfigurationList;
			buildConfigurations = (
				AA000A002F2BCB65007A0E0B /* Debug */,
				AA000B002F2BCB65007A0E0B /* Release */,
			);
			defaultConfigurationIsVisible = 0;
			defaultConfigurationName = Release;
		};
/* End XCConfigurationList section */

/* Begin XCRemoteSwiftPackageReference section */
		390728422F2BCB94007A0E0B /* XCRemoteSwiftPackageReference "recaptcha-enterprise-mobile-sdk" */ = {
			isa = XCRemoteSwiftPackageReference;
			repositoryURL = "https://github.com/GoogleCloudPlatform/recaptcha-enterprise-mobile-sdk";
			requirement = {
				kind = exactVersion;
				version = 18.8.2;
			};
		};
		390728452F2BCB9D007A0E0B /* XCRemoteSwiftPackageReference "stytch-ios-dfp" */ = {
			isa = XCRemoteSwiftPackageReference;
			repositoryURL = "https://github.com/stytchauth/stytch-ios-dfp.git";
			requirement = {
				kind = upToNextMajorVersion;
				minimumVersion = 1.0.8;
			};
		};
/* End XCRemoteSwiftPackageReference section */

/* Begin XCSwiftPackageProductDependency section */
		390728432F2BCB94007A0E0B /* RecaptchaEnterprise */ = {
			isa = XCSwiftPackageProductDependency;
			package = 390728422F2BCB94007A0E0B /* XCRemoteSwiftPackageReference "recaptcha-enterprise-mobile-sdk" */;
			productName = RecaptchaEnterprise;
		};
		390728462F2BCB9D007A0E0B /* StytchDFP */ = {
			isa = XCSwiftPackageProductDependency;
			package = 390728452F2BCB9D007A0E0B /* XCRemoteSwiftPackageReference "stytch-ios-dfp" */;
			productName = StytchDFP;
		};
/* End XCSwiftPackageProductDependency section */
	};
	rootObject = 3907282F2F2BCB65007A0E0B /* Project object */;
}
